# This file is automatically @generated by Cargo.
# It is not intended for manual editing.
version = 3

[[package]]
name = "arraylist"
version = "0.1.0"
dependencies = [
 "arraylist 0.1.0 (git+https://github.com/2teez/arraylist)",
]

[[package]]
name = "arraylist"
version = "0.1.0"
source = "git+https://github.com/2teez/arraylist#22ca2a4602bfd9a7a5513ebba029a1eda905a728"
